// !$*UTF8*$!
{
	archiveVersion = 1;
	classes = {
	};
	objectVersion = 55;
	objects = {

/* Begin PBXBuildFile section */
		22DD0D27D40C1848C3DC72B9 /* Pods_NewsApp2.framework in Frameworks */ = {isa = PBXBuildFile; fileRef = EFD1B888DBEBEB0B1A308A47 /* Pods_NewsApp2.framework */; };
		608AF0F92760C93C0050FFB0 /* AppDelegate.swift in Sources */ = {isa = PBXBuildFile; fileRef = 608AF0F82760C93C0050FFB0 /* AppDelegate.swift */; };
		608AF0FB2760C93C0050FFB0 /* SceneDelegate.swift in Sources */ = {isa = PBXBuildFile; fileRef = 608AF0FA2760C93C0050FFB0 /* SceneDelegate.swift */; };
		608AF0FD2760C93C0050FFB0 /* ViewController.swift in Sources */ = {isa = PBXBuildFile; fileRef = 608AF0FC2760C93C0050FFB0 /* ViewController.swift */; };
		608AF1002760C93C0050FFB0 /* Main.storyboard in Resources */ = {isa = PBXBuildFile; fileRef = 608AF0FE2760C93C0050FFB0 /* Main.storyboard */; };
		608AF1022760C93D0050FFB0 /* Assets.xcassets in Resources */ = {isa = PBXBuildFile; fileRef = 608AF1012760C93D0050FFB0 /* Assets.xcassets */; };
		608AF1052760C93D0050FFB0 /* LaunchScreen.storyboard in Resources */ = {isa = PBXBuildFile; fileRef = 608AF1032760C93D0050FFB0 /* LaunchScreen.storyboard */; };
		6093DB5127627A1800CB57FA /* DetailedNewsVC.swift in Sources */ = {isa = PBXBuildFile; fileRef = 6093DB5027627A1800CB57FA /* DetailedNewsVC.swift */; };
		60A0878127632309003C16E0 /* Kingfisher in Frameworks */ = {isa = PBXBuildFile; productRef = 60A0878027632309003C16E0 /* Kingfisher */; };
		60B4F3312760F205009E0F50 /* NewsCell.swift in Sources */ = {isa = PBXBuildFile; fileRef = 60B4F3302760F205009E0F50 /* NewsCell.swift */; };
		60B4F3332760F794009E0F50 /* NewsModel.swift in Sources */ = {isa = PBXBuildFile; fileRef = 60B4F3322760F794009E0F50 /* NewsModel.swift */; };
/* End PBXBuildFile section */

/* Begin PBXFileReference section */
		3933CAF640C80CB8E474291E /* Pods-NewsApp2.release.xcconfig */ = {isa = PBXFileReference; includeInIndex = 1; lastKnownFileType = text.xcconfig; name = "Pods-NewsApp2.release.xcconfig"; path = "Target Support Files/Pods-NewsApp2/Pods-NewsApp2.release.xcconfig"; sourceTree = "<group>"; };
		608AF0F52760C93C0050FFB0 /* NewsApp2.app */ = {isa = PBXFileReference; explicitFileType = wrapper.application; includeInIndex = 0; path = NewsApp2.app; sourceTree = BUILT_PRODUCTS_DIR; };
		608AF0F82760C93C0050FFB0 /* AppDelegate.swift */ = {isa = PBXFileReference; lastKnownFileType = sourcecode.swift; path = AppDelegate.swift; sourceTree = "<group>"; };
		608AF0FA2760C93C0050FFB0 /* SceneDelegate.swift */ = {isa = PBXFileReference; lastKnownFileType = sourcecode.swift; path = SceneDelegate.swift; sourceTree = "<group>"; };
		608AF0FC2760C93C0050FFB0 /* ViewController.swift */ = {isa = PBXFileReference; lastKnownFileType = sourcecode.swift; path = ViewController.swift; sourceTree = "<group>"; };
		608AF0FF2760C93C0050FFB0 /* Base */ = {isa = PBXFileReference; lastKnownFileType = file.storyboard; name = Base; path = Base.lproj/Main.storyboard; sourceTree = "<group>"; };
		608AF1012760C93D0050FFB0 /* Assets.xcassets */ = {isa = PBXFileReference; lastKnownFileType = folder.assetcatalog; path = Assets.xcassets; sourceTree = "<group>"; };
		608AF1042760C93D0050FFB0 /* Base */ = {isa = PBXFileReference; lastKnownFileType = file.storyboard; name = Base; path = Base.lproj/LaunchScreen.storyboard; sourceTree = "<group>"; };
		608AF1062760C93D0050FFB0 /* Info.plist */ = {isa = PBXFileReference; lastKnownFileType = text.plist.xml; path = Info.plist; sourceTree = "<group>"; };
		6093DB5027627A1800CB57FA /* DetailedNewsVC.swift */ = {isa = PBXFileReference; lastKnownFileType = sourcecode.swift; path = DetailedNewsVC.swift; sourceTree = "<group>"; };
		60B4F3302760F205009E0F50 /* NewsCell.swift */ = {isa = PBXFileReference; lastKnownFileType = sourcecode.swift; path = NewsCell.swift; sourceTree = "<group>"; };
		60B4F3322760F794009E0F50 /* NewsModel.swift */ = {isa = PBXFileReference; lastKnownFileType = sourcecode.swift; path = NewsModel.swift; sourceTree = "<group>"; };
		B1B09501505F96CD4B2BC665 /* Pods-NewsApp2.debug.xcconfig */ = {isa = PBXFileReference; includeInIndex = 1; lastKnownFileType = text.xcconfig; name = "Pods-NewsApp2.debug.xcconfig"; path = "Target Support Files/Pods-NewsApp2/Pods-NewsApp2.debug.xcconfig"; sourceTree = "<group>"; };
		EFD1B888DBEBEB0B1A308A47 /* Pods_NewsApp2.framework */ = {isa = PBXFileReference; explicitFileType = wrapper.framework; includeInIndex = 0; path = Pods_NewsApp2.framework; sourceTree = BUILT_PRODUCTS_DIR; };
/* End PBXFileReference section */

/* Begin PBXFrameworksBuildPhase section */
		608AF0F22760C93C0050FFB0 /* Frameworks */ = {
			isa = PBXFrameworksBuildPhase;
			buildActionMask = 2147483647;
			files = (
				60A0878127632309003C16E0 /* Kingfisher in Frameworks */,
				22DD0D27D40C1848C3DC72B9 /* Pods_NewsApp2.framework in Frameworks */,
			);
			runOnlyForDeploymentPostprocessing = 0;
		};
/* End PBXFrameworksBuildPhase section */

/* Begin PBXGroup section */
		608AF0EC2760C93C0050FFB0 = {
			isa = PBXGroup;
			children = (
				608AF0F72760C93C0050FFB0 /* NewsApp2 */,
				608AF0F62760C93C0050FFB0 /* Products */,
				E215F49307C4955C3A028762 /* Pods */,
				9B6FD6ED3DDFBF41720BCEA1 /* Frameworks */,
			);
			sourceTree = "<group>";
		};
		608AF0F62760C93C0050FFB0 /* Products */ = {
			isa = PBXGroup;
			children = (
				608AF0F52760C93C0050FFB0 /* NewsApp2.app */,
			);
			name = Products;
			sourceTree = "<group>";
		};
		608AF0F72760C93C0050FFB0 /* NewsApp2 */ = {
			isa = PBXGroup;
			children = (
				60921A2F2764772100BDFFC6 /* VCs */,
				608AF0F82760C93C0050FFB0 /* AppDelegate.swift */,
				608AF0FA2760C93C0050FFB0 /* SceneDelegate.swift */,
				608AF0FE2760C93C0050FFB0 /* Main.storyboard */,
				608AF1012760C93D0050FFB0 /* Assets.xcassets */,
				608AF1032760C93D0050FFB0 /* LaunchScreen.storyboard */,
				608AF1062760C93D0050FFB0 /* Info.plist */,
				60B4F3302760F205009E0F50 /* NewsCell.swift */,
				60B4F3322760F794009E0F50 /* NewsModel.swift */,
			);
			path = NewsApp2;
			sourceTree = "<group>";
		};
		60921A2F2764772100BDFFC6 /* VCs */ = {
			isa = PBXGroup;
			children = (
				6093DB5027627A1800CB57FA /* DetailedNewsVC.swift */,
				608AF0FC2760C93C0050FFB0 /* ViewController.swift */,
			);
			path = VCs;
			sourceTree = "<group>";
		};
		9B6FD6ED3DDFBF41720BCEA1 /* Frameworks */ = {
			isa = PBXGroup;
			children = (
				EFD1B888DBEBEB0B1A308A47 /* Pods_NewsApp2.framework */,
			);
			name = Frameworks;
			sourceTree = "<group>";
		};
		E215F49307C4955C3A028762 /* Pods */ = {
			isa = PBXGroup;
			children = (
				B1B09501505F96CD4B2BC665 /* Pods-NewsApp2.debug.xcconfig */,
				3933CAF640C80CB8E474291E /* Pods-NewsApp2.release.xcconfig */,
			);
			path = Pods;
			sourceTree = "<group>";
		};
/* End PBXGroup section */

/* Begin PBXNativeTarget section */
		608AF0F42760C93C0050FFB0 /* NewsApp2 */ = {
			isa = PBXNativeTarget;
			buildConfigurationList = 608AF1092760C93D0050FFB0 /* Build configuration list for PBXNativeTarget "NewsApp2" */;
			buildPhases = (
				83368886E3E4478BDC7505F7 /* [CP] Check Pods Manifest.lock */,
				608AF0F12760C93C0050FFB0 /* Sources */,
				608AF0F22760C93C0050FFB0 /* Frameworks */,
				608AF0F32760C93C0050FFB0 /* Resources */,
				11D6C78C568C3145CF3D533D /* [CP] Embed Pods Frameworks */,
			);
			buildRules = (
			);
			dependencies = (
			);
			name = NewsApp2;
			packageProductDependencies = (
				60A0878027632309003C16E0 /* Kingfisher */,
			);
			productName = NewsApp2;
			productReference = 608AF0F52760C93C0050FFB0 /* NewsApp2.app */;
			productType = "com.apple.product-type.application";
		};
/* End PBXNativeTarget section */

/* Begin PBXProject section */
		608AF0ED2760C93C0050FFB0 /* Project object */ = {
			isa = PBXProject;
			attributes = {
				BuildIndependentTargetsInParallel = 1;
				LastSwiftUpdateCheck = 1310;
				LastUpgradeCheck = 1310;
				TargetAttributes = {
					608AF0F42760C93C0050FFB0 = {
						CreatedOnToolsVersion = 13.1;
					};
				};
			};
			buildConfigurationList = 608AF0F02760C93C0050FFB0 /* Build configuration list for PBXProject "NewsApp2" */;
			compatibilityVersion = "Xcode 13.0";
			developmentRegion = en;
			hasScannedForEncodings = 0;
			knownRegions = (
				en,
				Base,
			);
			mainGroup = 608AF0EC2760C93C0050FFB0;
			packageReferences = (
				60A0877F27632309003C16E0 /* XCRemoteSwiftPackageReference "Kingfisher" */,
			);
			productRefGroup = 608AF0F62760C93C0050FFB0 /* Products */;
			projectDirPath = "";
			projectRoot = "";
			targets = (
				608AF0F42760C93C0050FFB0 /* NewsApp2 */,
			);
		};
/* End PBXProject section */

/* Begin PBXResourcesBuildPhase section */
		608AF0F32760C93C0050FFB0 /* Resources */ = {
			isa = PBXResourcesBuildPhase;
			buildActionMask = 2147483647;
			files = (
				608AF1052760C93D0050FFB0 /* LaunchScreen.storyboard in Resources */,
				608AF1022760C93D0050FFB0 /* Assets.xcassets in Resources */,
				608AF1002760C93C0050FFB0 /* Main.storyboard in Resources */,
			);
			runOnlyForDeploymentPostprocessing = 0;
		};
/* End PBXResourcesBuildPhase section */

/* Begin PBXShellScriptBuildPhase section */
		11D6C78C568C3145CF3D533D /* [CP] Embed Pods Frameworks */ = {
			isa = PBXShellScriptBuildPhase;
			buildActionMask = 2147483647;
			files = (
			);
			inputFileListPaths = (
				"${PODS_ROOT}/Target Support Files/Pods-NewsApp2/Pods-NewsApp2-frameworks-${CONFIGURATION}-input-files.xcfilelist",
			);
			name = "[CP] Embed Pods Frameworks";
			outputFileListPaths = (
				"${PODS_ROOT}/Target Support Files/Pods-NewsApp2/Pods-NewsApp2-frameworks-${CONFIGURATION}-output-files.xcfilelist",
			);
			runOnlyForDeploymentPostprocessing = 0;
			shellPath = /bin/sh;
			shellScript = "\"${PODS_ROOT}/Target Support Files/Pods-NewsApp2/Pods-NewsApp2-frameworks.sh\"\n";
			showEnvVarsInLog = 0;
		};
		83368886E3E4478BDC7505F7 /* [CP] Check Pods Manifest.lock */ = {
			isa = PBXShellScriptBuildPhase;
			buildActionMask = 2147483647;
			files = (
			);
			inputFileListPaths = (
			);
			inputPaths = (
				"${PODS_PODFILE_DIR_PATH}/Podfile.lock",
				"${PODS_ROOT}/Manifest.lock",
			);
			name = "[CP] Check Pods Manifest.lock";
			outputFileListPaths = (
			);
			outputPaths = (
				"$(DERIVED_FILE_DIR)/Pods-NewsApp2-checkManifestLockResult.txt",
			);
			runOnlyForDeploymentPostprocessing = 0;
			shellPath = /bin/sh;
			shellScript = "diff \"${PODS_PODFILE_DIR_PATH}/Podfile.lock\" \"${PODS_ROOT}/Manifest.lock\" > /dev/null\nif [ $? != 0 ] ; then\n    # print error to STDERR\n    echo \"error: The sandbox is not in sync with the Podfile.lock. Run 'pod install' or update your CocoaPods installation.\" >&2\n    exit 1\nfi\n# This output is used by Xcode 'outputs' to avoid re-running this script phase.\necho \"SUCCESS\" > \"${SCRIPT_OUTPUT_FILE_0}\"\n";
			showEnvVarsInLog = 0;
		};
/* End PBXShellScriptBuildPhase section */

/* Begin PBXSourcesBuildPhase section */
		608AF0F12760C93C0050FFB0 /* Sources */ = {
			isa = PBXSourcesBuildPhase;
			buildActionMask = 2147483647;
			files = (
				608AF0FD2760C93C0050FFB0 /* ViewController.swift in Sources */,
				608AF0F92760C93C0050FFB0 /* AppDelegate.swift in Sources */,
				60B4F3312760F205009E0F50 /* NewsCell.swift in Sources */,
				608AF0FB2760C93C0050FFB0 /* SceneDelegate.swift in Sources */,
				60B4F3332760F794009E0F50 /* NewsModel.swift in Sources */,
				6093DB5127627A1800CB57FA /* DetailedNewsVC.swift in Sources */,
			);
			runOnlyForDeploymentPostprocessing = 0;
		};
/* End PBXSourcesBuildPhase section */

/* Begin PBXVariantGroup section */
		608AF0FE2760C93C0050FFB0 /* Main.storyboard */ = {
			isa = PBXVariantGroup;
			children = (
				608AF0FF2760C93C0050FFB0 /* Base */,
			);
			name = Main.storyboard;
			sourceTree = "<group>";
		};
		608AF1032760C93D0050FFB0 /* LaunchScreen.storyboard */ = {
			isa = PBXVariantGroup;
			children = (
				608AF1042760C93D0050FFB0 /* Base */,
			);
			name = LaunchScreen.storyboard;
			sourceTree = "<group>";
		};
/* End PBXVariantGroup section */

/* Begin XCBuildConfiguration section */
		608AF1072760C93D0050FFB0 /* Debug */ = {
			isa = XCBuildConfiguration;
			buildSettings = {
				ALWAYS_SEARCH_USER_PATHS = NO;
				CLANG_ANALYZER_NONNULL = YES;
				CLANG_ANALYZER_NUMBER_OBJECT_CONVERSION = YES_AGGRESSIVE;
				CLANG_CXX_LANGUAGE_STANDARD = "gnu++17";
				CLANG_CXX_LIBRARY = "libc++";
				CLANG_ENABLE_MODULES = YES;
				CLANG_ENABLE_OBJC_ARC = YES;
				CLANG_ENABLE_OBJC_WEAK = YES;
				CLANG_WARN_BLOCK_CAPTURE_AUTORELEASING = YES;
				CLANG_WARN_BOOL_CONVERSION = YES;
				CLANG_WARN_COMMA = YES;
				CLANG_WARN_CONSTANT_CONVERSION = YES;
				CLANG_WARN_DEPRECATED_OBJC_IMPLEMENTATIONS = YES;
				CLANG_WARN_DIRECT_OBJC_ISA_USAGE = YES_ERROR;
				CLANG_WARN_DOCUMENTATION_COMMENTS = YES;
				CLANG_WARN_EMPTY_BODY = YES;
				CLANG_WARN_ENUM_CONVERSION = YES;
				CLANG_WARN_INFINITE_RECURSION = YES;
				CLANG_WARN_INT_CONVERSION = YES;
				CLANG_WARN_NON_LITERAL_NULL_CONVERSION = YES;
				CLANG_WARN_OBJC_IMPLICIT_RETAIN_SELF = YES;
				CLANG_WARN_OBJC_LITERAL_CONVERSION = YES;
				CLANG_WARN_OBJC_ROOT_CLASS = YES_ERROR;
				CLANG_WARN_QUOTED_INCLUDE_IN_FRAMEWORK_HEADER = YES;
				CLANG_WARN_RANGE_LOOP_ANALYSIS = YES;
				CLANG_WARN_STRICT_PROTOTYPES = YES;
				CLANG_WARN_SUSPICIOUS_MOVE = YES;
				CLANG_WARN_UNGUARDED_AVAILABILITY = YES_AGGRESSIVE;
				CLANG_WARN_UNREACHABLE_CODE = YES;
				CLANG_WARN__DUPLICATE_METHOD_MATCH = YES;
				COPY_PHASE_STRIP = NO;
				DEBUG_INFORMATION_FORMAT = dwarf;
				ENABLE_STRICT_OBJC_MSGSEND = YES;
				ENABLE_TESTABILITY = YES;
				GCC_C_LANGUAGE_STANDARD = gnu11;
				GCC_DYNAMIC_NO_PIC = NO;
				GCC_NO_COMMON_BLOCKS = YES;
				GCC_OPTIMIZATION_LEVEL = 0;
				GCC_PREPROCESSOR_DEFINITIONS = (
					"DEBUG=1",
					"$(inherited)",
				);
				GCC_WARN_64_TO_32_BIT_CONVERSION = YES;
				GCC_WARN_ABOUT_RETURN_TYPE = YES_ERROR;
				GCC_WARN_UNDECLARED_SELECTOR = YES;
				GCC_WARN_UNINITIALIZED_AUTOS = YES_AGGRESSIVE;
				GCC_WARN_UNUSED_FUNCTION = YES;
				GCC_WARN_UNUSED_VARIABLE = YES;
				IPHONEOS_DEPLOYMENT_TARGET = 15.0;
				MTL_ENABLE_DEBUG_INFO = INCLUDE_SOURCE;
				MTL_FAST_MATH = YES;
				ONLY_ACTIVE_ARCH = YES;
				SDKROOT = iphoneos;
				SWIFT_ACTIVE_COMPILATION_CONDITIONS = DEBUG;
				SWIFT_OPTIMIZATION_LEVEL = "-Onone";
			};
			name = Debug;
		};
		608AF1082760C93D0050FFB0 /* Release */ = {
			isa = XCBuildConfiguration;
			buildSettings = {
				ALWAYS_SEARCH_USER_PATHS = NO;
				CLANG_ANALYZER_NONNULL = YES;
				CLANG_ANALYZER_NUMBER_OBJECT_CONVERSION = YES_AGGRESSIVE;
				CLANG_CXX_LANGUAGE_STANDARD = "gnu++17";
				CLANG_CXX_LIBRARY = "libc++";
				CLANG_ENABLE_MODULES = YES;
				CLANG_ENABLE_OBJC_ARC = YES;
				CLANG_ENABLE_OBJC_WEAK = YES;
				CLANG_WARN_BLOCK_CAPTURE_AUTORELEASING = YES;
				CLANG_WARN_BOOL_CONVERSION = YES;
				CLANG_WARN_COMMA = YES;
				CLANG_WARN_CONSTANT_CONVERSION = YES;
				CLANG_WARN_DEPRECATED_OBJC_IMPLEMENTATIONS = YES;
				CLANG_WARN_DIRECT_OBJC_ISA_USAGE = YES_ERROR;
				CLANG_WARN_DOCUMENTATION_COMMENTS = YES;
				CLANG_WARN_EMPTY_BODY = YES;
				CLANG_WARN_ENUM_CONVERSION = YES;
				CLANG_WARN_INFINITE_RECURSION = YES;
				CLANG_WARN_INT_CONVERSION = YES;
				CLANG_WARN_NON_LITERAL_NULL_CONVERSION = YES;
				CLANG_WARN_OBJC_IMPLICIT_RETAIN_SELF = YES;
				CLANG_WARN_OBJC_LITERAL_CONVERSION = YES;
				CLANG_WARN_OBJC_ROOT_CLASS = YES_ERROR;
				CLANG_WARN_QUOTED_INCLUDE_IN_FRAMEWORK_HEADER = YES;
				CLANG_WARN_RANGE_LOOP_ANALYSIS = YES;
				CLANG_WARN_STRICT_PROTOTYPES = YES;
				CLANG_WARN_SUSPICIOUS_MOVE = YES;
				CLANG_WARN_UNGUARDED_AVAILABILITY = YES_AGGRESSIVE;
				CLANG_WARN_UNREACHABLE_CODE = YES;
				CLANG_WARN__DUPLICATE_METHOD_MATCH = YES;
				COPY_PHASE_STRIP = NO;
				DEBUG_INFORMATION_FORMAT = "dwarf-with-dsym";
				ENABLE_NS_ASSERTIONS = NO;
				ENABLE_STRICT_OBJC_MSGSEND = YES;
				GCC_C_LANGUAGE_STANDARD = gnu11;
				GCC_NO_COMMON_BLOCKS = YES;
				GCC_WARN_64_TO_32_BIT_CONVERSION = YES;
				GCC_WARN_ABOUT_RETURN_TYPE = YES_ERROR;
				GCC_WARN_UNDECLARED_SELECTOR = YES;
				GCC_WARN_UNINITIALIZED_AUTOS = YES_AGGRESSIVE;
				GCC_WARN_UNUSED_FUNCTION = YES;
				GCC_WARN_UNUSED_VARIABLE = YES;
				IPHONEOS_DEPLOYMENT_TARGET = 15.0;
				MTL_ENABLE_DEBUG_INFO = NO;
				MTL_FAST_MATH = YES;
				SDKROOT = iphoneos;
				SWIFT_COMPILATION_MODE = wholemodule;
				SWIFT_OPTIMIZATION_LEVEL = "-O";
				VALIDATE_PRODUCT = YES;
			};
			name = Release;
		};
		608AF10A2760C93D0050FFB0 /* Debug */ = {
			isa = XCBuildConfiguration;
			baseConfigurationReference = B1B09501505F96CD4B2BC665 /* Pods-NewsApp2.debug.xcconfig */;
			buildSettings = {
				ASSETCATALOG_COMPILER_APPICON_NAME = AppIcon;
				ASSETCATALOG_COMPILER_GLOBAL_ACCENT_COLOR_NAME = AccentColor;
				CODE_SIGN_STYLE = Automatic;
				CURRENT_PROJECT_VERSION = 1;
				DEVELOPMENT_TEAM = F74RB453B9;
				GENERATE_INFOPLIST_FILE = YES;
				INFOPLIST_FILE = NewsApp2/Info.plist;
				INFOPLIST_KEY_UIApplicationSupportsIndirectInputEvents = YES;
				INFOPLIST_KEY_UILaunchStoryboardName = LaunchScreen;
				INFOPLIST_KEY_UIMainStoryboardFile = Main;
				INFOPLIST_KEY_UISupportedInterfaceOrientations_iPad = "UIInterfaceOrientationPortrait UIInterfaceOrientationPortraitUpsideDown UIInterfaceOrientationLandscapeLeft UIInterfaceOrientationLandscapeRight";
				INFOPLIST_KEY_UISupportedInterfaceOrientations_iPhone = "UIInterfaceOrientationPortrait UIInterfaceOrientationLandscapeLeft UIInterfaceOrientationLandscapeRight";
				LD_RUNPATH_SEARCH_PATHS = (
					"$(inherited)",
					"@executable_path/Frameworks",
				);
				MARKETING_VERSION = 1.0;
				PRODUCT_BUNDLE_IDENTIFIER = RuslanSinner.NewsApp2;
				PRODUCT_NAME = "$(TARGET_NAME)";
				SWIFT_EMIT_LOC_STRINGS = YES;
				SWIFT_VERSION = 5.0;
				TARGETED_DEVICE_FAMILY = "1,2";
			};
			name = Debug;
		};
		608AF10B2760C93D0050FFB0 /* Release */ = {
			isa = XCBuildConfiguration;
			baseConfigurationReference = 3933CAF640C80CB8E474291E /* Pods-NewsApp2.release.xcconfig */;
			buildSettings = {
				ASSETCATALOG_COMPILER_APPICON_NAME = AppIcon;
				ASSETCATALOG_COMPILER_GLOBAL_ACCENT_COLOR_NAME = AccentColor;
				CODE_SIGN_STYLE = Automatic;
				CURRENT_PROJECT_VERSION = 1;
				DEVELOPMENT_TEAM = F74RB453B9;
				GENERATE_INFOPLIST_FILE = YES;
				INFOPLIST_FILE = NewsApp2/Info.plist;
				INFOPLIST_KEY_UIApplicationSupportsIndirectInputEvents = YES;
				INFOPLIST_KEY_UILaunchStoryboardName = LaunchScreen;
				INFOPLIST_KEY_UIMainStoryboardFile = Main;
				INFOPLIST_KEY_UISupportedInterfaceOrientations_iPad = "UIInterfaceOrientationPortrait UIInterfaceOrientationPortraitUpsideDown UIInterfaceOrientationLandscapeLeft UIInterfaceOrientationLandscapeRight";
				INFOPLIST_KEY_UISupportedInterfaceOrientations_iPhone = "UIInterfaceOrientationPortrait UIInterfaceOrientationLandscapeLeft UIInterfaceOrientationLandscapeRight";
				LD_RUNPATH_SEARCH_PATHS = (
					"$(inherited)",
					"@executable_path/Frameworks",
				);
				MARKETING_VERSION = 1.0;
				PRODUCT_BUNDLE_IDENTIFIER = RuslanSinner.NewsApp2;
				PRODUCT_NAME = "$(TARGET_NAME)";
				SWIFT_EMIT_LOC_STRINGS = YES;
				SWIFT_VERSION = 5.0;
				TARGETED_DEVICE_FAMILY = "1,2";
			};
			name = Release;
		};
/* End XCBuildConfiguration section */

/* Begin XCConfigurationList section */
		608AF0F02760C93C0050FFB0 /* Build configuration list for PBXProject "NewsApp2" */ = {
			isa = XCConfigurationList;
			buildConfigurations = (
				608AF1072760C93D0050FFB0 /* Debug */,
				608AF1082760C93D0050FFB0 /* Release */,
			);
			defaultConfigurationIsVisible = 0;
			defaultConfigurationName = Release;
		};
		608AF1092760C93D0050FFB0 /* Build configuration list for PBXNativeTarget "NewsApp2" */ = {
			isa = XCConfigurationList;
			buildConfigurations = (
				608AF10A2760C93D0050FFB0 /* Debug */,
				608AF10B2760C93D0050FFB0 /* Release */,
			);
			defaultConfigurationIsVisible = 0;
			defaultConfigurationName = Release;
		};
/* End XCConfigurationList section */

/* Begin XCRemoteSwiftPackageReference section */
		60A0877F27632309003C16E0 /* XCRemoteSwiftPackageReference "Kingfisher" */ = {
			isa = XCRemoteSwiftPackageReference;
			repositoryURL = "https://github.com/onevcat/Kingfisher.git";
			requirement = {
				kind = upToNextMajorVersion;
				minimumVersion = 7.0.0;
			};
		};
/* End XCRemoteSwiftPackageReference section */

/* Begin XCSwiftPackageProductDependency section */
		60A0878027632309003C16E0 /* Kingfisher */ = {
			isa = XCSwiftPackageProductDependency;
			package = 60A0877F27632309003C16E0 /* XCRemoteSwiftPackageReference "Kingfisher" */;
			productName = Kingfisher;
		};
/* End XCSwiftPackageProductDependency section */
	};
	rootObject = 608AF0ED2760C93C0050FFB0 /* Project object */;
}
